<?xml version="1.0" encoding="utf-8"?>
<Project ToolsVersion="16.0" xmlns="http://schemas.microsoft.com/developer/msbuild/2003">
  <ItemGroup>
    <CustomBuild Include="C:\Users\minec\Desktop\Watermark_Project\cmakebuild\CMakeFiles\77d8fefc80793066128f237359f7ef5a\generate.stamp.rule">
      <Filter>CMake Rules</Filter>
    </CustomBuild>
  </ItemGroup>
  <ItemGroup>
    <Filter Include="CMake Rules">
      <UniqueIdentifier>{EAC848FD-6A36-3FA7-B13A-F634CD404514}</UniqueIdentifier>
    </Filter>
  </ItemGroup>
</Project>
